
Microsoft Visual Studio Solution File, Format Version 12.00
# Visual Studio Version 17
VisualStudioVersion = 17.11.35219.272
MinimumVisualStudioVersion = 10.0.40219.1
Project("{FAE04EC0-301F-11D3-BF4B-00C04F79EFBC}") = "MK1.Tests", "MK1.Tests.csproj", "{38F81AFD-B0F2-471A-915D-1CF0A1D87ABC}"
EndProject
Global
	GlobalSection(SolutionConfigurationPlatforms) = preSolution
		Debug|Any CPU = Debug|Any CPU
		Release|Any CPU = Release|Any CPU
	EndGlobalSection
	GlobalSection(ProjectConfigurationPlatforms) = postSolution
		{38F81AFD-B0F2-471A-915D-1CF0A1D87ABC}.Debug|Any CPU.ActiveCfg = Debug|Any CPU
		{38F81AFD-B0F2-471A-915D-1CF0A1D87ABC}.Debug|Any CPU.Build.0 = Debug|Any CPU
		{38F81AFD-B0F2-471A-915D-1CF0A1D87ABC}.Release|Any CPU.ActiveCfg = Release|Any CPU
		{38F81AFD-B0F2-471A-915D-1CF0A1D87ABC}.Release|Any CPU.Build.0 = Release|Any CPU
	EndGlobalSection
	GlobalSection(SolutionProperties) = preSolution
		HideSolutionNode = FALSE
	EndGlobalSection
	GlobalSection(ExtensibilityGlobals) = postSolution
		SolutionGuid = {DEBCE4A5-E3BA-4616-AC75-F8DB24C6B79D}
	EndGlobalSection
EndGlobal
